{
  "name": "RalphHightower",
  "version": "2.1.0-production",
  "lockfileVersion": 3,
  "requires": true,
  "packages": {
    "": {
      "name": "RalphHightower",
      "version": "2.1.0-production",
      "license": "Apache-2.0",
      "devDependencies": {
        "RalphHightower": "github:RalphHightower/RalphHightower"
      },
      "engines": {
        "node": ">=20.8.1"
      }
    },
    "node_modules/RalphHightower": {
      "version": "2.1.0-production",
      "resolved": "git+ssh://git@github.com/RalphHightower/RalphHightower.git#ca4c36a18361d44e1f79cab13849d0c911540de7",
      "dev": true,
      "engines": {
        "node": ">=20.8.1"
      }
    }
  }
}
